// !$*UTF8*$!
{
	archiveVersion = 1;
	classes = {
	};
	objectVersion = 77;
	objects = {

/* Begin PBXBuildFile section */
		96B73FD62EA016F70004A505 /* Accelerate.framework in Frameworks */ = {isa = PBXBuildFile; fileRef = 96B73FD52EA016F70004A505 /* Accelerate.framework */; };
		96B73FD82EA017110004A505 /* AnuraCore.xcframework in Frameworks */ = {isa = PBXBuildFile; fileRef = 96B73FD72EA017110004A505 /* AnuraCore.xcframework */; };
		96B73FD92EA017110004A505 /* AnuraCore.xcframework in Embed Frameworks */ = {isa = PBXBuildFile; fileRef = 96B73FD72EA017110004A505 /* AnuraCore.xcframework */; settings = {ATTRIBUTES = (CodeSignOnCopy, RemoveHeadersOnCopy, ); }; };
		96B73FDC2EA0171F0004A505 /* AVFoundation.framework in Frameworks */ = {isa = PBXBuildFile; fileRef = 96B73FDB2EA0171F0004A505 /* AVFoundation.framework */; };
		96B73FDF2EA017360004A505 /* FaceMesh.xcframework in Frameworks */ = {isa = PBXBuildFile; fileRef = 96B73FDD2EA017360004A505 /* FaceMesh.xcframework */; };
		96B73FE02EA017360004A505 /* FaceMesh.xcframework in Embed Frameworks */ = {isa = PBXBuildFile; fileRef = 96B73FDD2EA017360004A505 /* FaceMesh.xcframework */; settings = {ATTRIBUTES = (CodeSignOnCopy, RemoveHeadersOnCopy, ); }; };
		96B73FE12EA017360004A505 /* libdfx.xcframework in Frameworks */ = {isa = PBXBuildFile; fileRef = 96B73FDE2EA017360004A505 /* libdfx.xcframework */; };
		96B73FE22EA017360004A505 /* libdfx.xcframework in Embed Frameworks */ = {isa = PBXBuildFile; fileRef = 96B73FDE2EA017360004A505 /* libdfx.xcframework */; settings = {ATTRIBUTES = (CodeSignOnCopy, RemoveHeadersOnCopy, ); }; };
		96B740092EA01D510004A505 /* Starscream in Frameworks */ = {isa = PBXBuildFile; productRef = 96B740082EA01D510004A505 /* Starscream */; };
/* End PBXBuildFile section */

/* Begin PBXCopyFilesBuildPhase section */
		96B73FDA2EA017110004A505 /* Embed Frameworks */ = {
			isa = PBXCopyFilesBuildPhase;
			buildActionMask = 2147483647;
			dstPath = "";
			dstSubfolderSpec = 10;
			files = (
				96B73FD92EA017110004A505 /* AnuraCore.xcframework in Embed Frameworks */,
				96B73FE22EA017360004A505 /* libdfx.xcframework in Embed Frameworks */,
				96B73FE02EA017360004A505 /* FaceMesh.xcframework in Embed Frameworks */,
			);
			name = "Embed Frameworks";
			runOnlyForDeploymentPostprocessing = 0;
		};
/* End PBXCopyFilesBuildPhase section */

/* Begin PBXFileReference section */
		96B73F8F2EA014890004A505 /* HH_Kiosk_B2B.app */ = {isa = PBXFileReference; explicitFileType = wrapper.application; includeInIndex = 0; path = HH_Kiosk_B2B.app; sourceTree = BUILT_PRODUCTS_DIR; };
		96B73FD52EA016F70004A505 /* Accelerate.framework */ = {isa = PBXFileReference; lastKnownFileType = wrapper.framework; name = Accelerate.framework; path = System/Library/Frameworks/Accelerate.framework; sourceTree = SDKROOT; };
		96B73FD72EA017110004A505 /* AnuraCore.xcframework */ = {isa = PBXFileReference; lastKnownFileType = wrapper.xcframework; name = AnuraCore.xcframework; path = Frameworks/AnuraCore.xcframework; sourceTree = "<group>"; };
		96B73FDB2EA0171F0004A505 /* AVFoundation.framework */ = {isa = PBXFileReference; lastKnownFileType = wrapper.framework; name = AVFoundation.framework; path = System/Library/Frameworks/AVFoundation.framework; sourceTree = SDKROOT; };
		96B73FDD2EA017360004A505 /* FaceMesh.xcframework */ = {isa = PBXFileReference; lastKnownFileType = wrapper.xcframework; name = FaceMesh.xcframework; path = Frameworks/FaceMesh.xcframework; sourceTree = "<group>"; };
		96B73FDE2EA017360004A505 /* libdfx.xcframework */ = {isa = PBXFileReference; lastKnownFileType = wrapper.xcframework; name = libdfx.xcframework; path = Frameworks/libdfx.xcframework; sourceTree = "<group>"; };
/* End PBXFileReference section */

/* Begin PBXFileSystemSynchronizedBuildFileExceptionSet section */
		9639FE472EB254CA00C42E96 /* Exceptions for "HH_Kiosk_B2B" folder in "HH_Kiosk_B2B" target */ = {
			isa = PBXFileSystemSynchronizedBuildFileExceptionSet;
			membershipExceptions = (
				Services/Networking/Untitled.swift,
			);
			target = 96B73F8E2EA014890004A505 /* HH_Kiosk_B2B */;
		};
/* End PBXFileSystemSynchronizedBuildFileExceptionSet section */

/* Begin PBXFileSystemSynchronizedRootGroup section */
		96B73F912EA014890004A505 /* HH_Kiosk_B2B */ = {
			isa = PBXFileSystemSynchronizedRootGroup;
			exceptions = (
				9639FE472EB254CA00C42E96 /* Exceptions for "HH_Kiosk_B2B" folder in "HH_Kiosk_B2B" target */,
			);
			path = HH_Kiosk_B2B;
			sourceTree = "<group>";
		};
/* End PBXFileSystemSynchronizedRootGroup section */

/* Begin PBXFrameworksBuildPhase section */
		96B73F8C2EA014890004A505 /* Frameworks */ = {
			isa = PBXFrameworksBuildPhase;
			buildActionMask = 2147483647;
			files = (
				96B73FD82EA017110004A505 /* AnuraCore.xcframework in Frameworks */,
				96B73FE12EA017360004A505 /* libdfx.xcframework in Frameworks */,
				96B73FD62EA016F70004A505 /* Accelerate.framework in Frameworks */,
				96B73FDC2EA0171F0004A505 /* AVFoundation.framework in Frameworks */,
				96B73FDF2EA017360004A505 /* FaceMesh.xcframework in Frameworks */,
				96B740092EA01D510004A505 /* Starscream in Frameworks */,
			);
			runOnlyForDeploymentPostprocessing = 0;
		};
/* End PBXFrameworksBuildPhase section */

/* Begin PBXGroup section */
		96B73F862EA014890004A505 = {
			isa = PBXGroup;
			children = (
				96B73F912EA014890004A505 /* HH_Kiosk_B2B */,
				96B73FD42EA016F70004A505 /* Frameworks */,
				96B73F902EA014890004A505 /* Products */,
			);
			sourceTree = "<group>";
		};
		96B73F902EA014890004A505 /* Products */ = {
			isa = PBXGroup;
			children = (
				96B73F8F2EA014890004A505 /* HH_Kiosk_B2B.app */,
			);
			name = Products;
			sourceTree = "<group>";
		};
		96B73FD42EA016F70004A505 /* Frameworks */ = {
			isa = PBXGroup;
			children = (
				96B73FDD2EA017360004A505 /* FaceMesh.xcframework */,
				96B73FDE2EA017360004A505 /* libdfx.xcframework */,
				96B73FDB2EA0171F0004A505 /* AVFoundation.framework */,
				96B73FD72EA017110004A505 /* AnuraCore.xcframework */,
				96B73FD52EA016F70004A505 /* Accelerate.framework */,
			);
			name = Frameworks;
			sourceTree = "<group>";
		};
/* End PBXGroup section */

/* Begin PBXNativeTarget section */
		96B73F8E2EA014890004A505 /* HH_Kiosk_B2B */ = {
			isa = PBXNativeTarget;
			buildConfigurationList = 96B73FB32EA0148A0004A505 /* Build configuration list for PBXNativeTarget "HH_Kiosk_B2B" */;
			buildPhases = (
				96B73F8B2EA014890004A505 /* Sources */,
				96B73F8C2EA014890004A505 /* Frameworks */,
				96B73F8D2EA014890004A505 /* Resources */,
				96B73FDA2EA017110004A505 /* Embed Frameworks */,
			);
			buildRules = (
			);
			dependencies = (
			);
			fileSystemSynchronizedGroups = (
				96B73F912EA014890004A505 /* HH_Kiosk_B2B */,
			);
			name = HH_Kiosk_B2B;
			packageProductDependencies = (
				96B740082EA01D510004A505 /* Starscream */,
			);
			productName = HH_Kiosk_B2B;
			productReference = 96B73F8F2EA014890004A505 /* HH_Kiosk_B2B.app */;
			productType = "com.apple.product-type.application";
		};
/* End PBXNativeTarget section */

/* Begin PBXProject section */
		96B73F872EA014890004A505 /* Project object */ = {
			isa = PBXProject;
			attributes = {
				BuildIndependentTargetsInParallel = 1;
				LastSwiftUpdateCheck = 1600;
				LastUpgradeCheck = 1600;
				TargetAttributes = {
					96B73F8E2EA014890004A505 = {
						CreatedOnToolsVersion = 16.0;
					};
				};
			};
			buildConfigurationList = 96B73F8A2EA014890004A505 /* Build configuration list for PBXProject "HH_Kiosk_B2B" */;
			developmentRegion = en;
			hasScannedForEncodings = 0;
			knownRegions = (
				en,
				Base,
				"zh-Hans",
			);
			mainGroup = 96B73F862EA014890004A505;
			minimizedProjectReferenceProxies = 1;
			packageReferences = (
				96B740072EA01D510004A505 /* XCRemoteSwiftPackageReference "Starscream" */,
			);
			preferredProjectObjectVersion = 77;
			productRefGroup = 96B73F902EA014890004A505 /* Products */;
			projectDirPath = "";
			projectRoot = "";
			targets = (
				96B73F8E2EA014890004A505 /* HH_Kiosk_B2B */,
			);
		};
/* End PBXProject section */

/* Begin PBXResourcesBuildPhase section */
		96B73F8D2EA014890004A505 /* Resources */ = {
			isa = PBXResourcesBuildPhase;
			buildActionMask = 2147483647;
			files = (
			);
			runOnlyForDeploymentPostprocessing = 0;
		};
/* End PBXResourcesBuildPhase section */

/* Begin PBXSourcesBuildPhase section */
		96B73F8B2EA014890004A505 /* Sources */ = {
			isa = PBXSourcesBuildPhase;
			buildActionMask = 2147483647;
			files = (
			);
			runOnlyForDeploymentPostprocessing = 0;
		};
/* End PBXSourcesBuildPhase section */

/* Begin XCBuildConfiguration section */
		96B73FB12EA0148A0004A505 /* Debug */ = {
			isa = XCBuildConfiguration;
			buildSettings = {
				ALWAYS_SEARCH_USER_PATHS = NO;
				ASSETCATALOG_COMPILER_GENERATE_SWIFT_ASSET_SYMBOL_EXTENSIONS = YES;
				CLANG_ANALYZER_NONNULL = YES;
				CLANG_ANALYZER_NUMBER_OBJECT_CONVERSION = YES_AGGRESSIVE;
				CLANG_CXX_LANGUAGE_STANDARD = "gnu++20";
				CLANG_ENABLE_MODULES = YES;
				CLANG_ENABLE_OBJC_ARC = YES;
				CLANG_ENABLE_OBJC_WEAK = YES;
				CLANG_WARN_BLOCK_CAPTURE_AUTORELEASING = YES;
				CLANG_WARN_BOOL_CONVERSION = YES;
				CLANG_WARN_COMMA = YES;
				CLANG_WARN_CONSTANT_CONVERSION = YES;
				CLANG_WARN_DEPRECATED_OBJC_IMPLEMENTATIONS = YES;
				CLANG_WARN_DIRECT_OBJC_ISA_USAGE = YES_ERROR;
				CLANG_WARN_DOCUMENTATION_COMMENTS = YES;
				CLANG_WARN_EMPTY_BODY = YES;
				CLANG_WARN_ENUM_CONVERSION = YES;
				CLANG_WARN_INFINITE_RECURSION = YES;
				CLANG_WARN_INT_CONVERSION = YES;
				CLANG_WARN_NON_LITERAL_NULL_CONVERSION = YES;
				CLANG_WARN_OBJC_IMPLICIT_RETAIN_SELF = YES;
				CLANG_WARN_OBJC_LITERAL_CONVERSION = YES;
				CLANG_WARN_OBJC_ROOT_CLASS = YES_ERROR;
				CLANG_WARN_QUOTED_INCLUDE_IN_FRAMEWORK_HEADER = YES;
				CLANG_WARN_RANGE_LOOP_ANALYSIS = YES;
				CLANG_WARN_STRICT_PROTOTYPES = YES;
				CLANG_WARN_SUSPICIOUS_MOVE = YES;
				CLANG_WARN_UNGUARDED_AVAILABILITY = YES_AGGRESSIVE;
				CLANG_WARN_UNREACHABLE_CODE = YES;
				CLANG_WARN__DUPLICATE_METHOD_MATCH = YES;
				COPY_PHASE_STRIP = NO;
				DEBUG_INFORMATION_FORMAT = dwarf;
				ENABLE_STRICT_OBJC_MSGSEND = YES;
				ENABLE_TESTABILITY = YES;
				ENABLE_USER_SCRIPT_SANDBOXING = YES;
				GCC_C_LANGUAGE_STANDARD = gnu17;
				GCC_DYNAMIC_NO_PIC = NO;
				GCC_NO_COMMON_BLOCKS = YES;
				GCC_OPTIMIZATION_LEVEL = 0;
				GCC_PREPROCESSOR_DEFINITIONS = (
					"DEBUG=1",
					"$(inherited)",
				);
				GCC_WARN_64_TO_32_BIT_CONVERSION = YES;
				GCC_WARN_ABOUT_RETURN_TYPE = YES_ERROR;
				GCC_WARN_UNDECLARED_SELECTOR = YES;
				GCC_WARN_UNINITIALIZED_AUTOS = YES_AGGRESSIVE;
				GCC_WARN_UNUSED_FUNCTION = YES;
				GCC_WARN_UNUSED_VARIABLE = YES;
				IPHONEOS_DEPLOYMENT_TARGET = 18.0;
				LOCALIZATION_PREFERS_STRING_CATALOGS = YES;
				MTL_ENABLE_DEBUG_INFO = INCLUDE_SOURCE;
				MTL_FAST_MATH = YES;
				ONLY_ACTIVE_ARCH = YES;
				SDKROOT = iphoneos;
				SWIFT_ACTIVE_COMPILATION_CONDITIONS = "DEBUG $(inherited)";
				SWIFT_OPTIMIZATION_LEVEL = "-Onone";
			};
			name = Debug;
		};
		96B73FB22EA0148A0004A505 /* Release */ = {
			isa = XCBuildConfiguration;
			buildSettings = {
				ALWAYS_SEARCH_USER_PATHS = NO;
				ASSETCATALOG_COMPILER_GENERATE_SWIFT_ASSET_SYMBOL_EXTENSIONS = YES;
				CLANG_ANALYZER_NONNULL = YES;
				CLANG_ANALYZER_NUMBER_OBJECT_CONVERSION = YES_AGGRESSIVE;
				CLANG_CXX_LANGUAGE_STANDARD = "gnu++20";
				CLANG_ENABLE_MODULES = YES;
				CLANG_ENABLE_OBJC_ARC = YES;
				CLANG_ENABLE_OBJC_WEAK = YES;
				CLANG_WARN_BLOCK_CAPTURE_AUTORELEASING = YES;
				CLANG_WARN_BOOL_CONVERSION = YES;
				CLANG_WARN_COMMA = YES;
				CLANG_WARN_CONSTANT_CONVERSION = YES;
				CLANG_WARN_DEPRECATED_OBJC_IMPLEMENTATIONS = YES;
				CLANG_WARN_DIRECT_OBJC_ISA_USAGE = YES_ERROR;
				CLANG_WARN_DOCUMENTATION_COMMENTS = YES;
				CLANG_WARN_EMPTY_BODY = YES;
				CLANG_WARN_ENUM_CONVERSION = YES;
				CLANG_WARN_INFINITE_RECURSION = YES;
				CLANG_WARN_INT_CONVERSION = YES;
				CLANG_WARN_NON_LITERAL_NULL_CONVERSION = YES;
				CLANG_WARN_OBJC_IMPLICIT_RETAIN_SELF = YES;
				CLANG_WARN_OBJC_LITERAL_CONVERSION = YES;
				CLANG_WARN_OBJC_ROOT_CLASS = YES_ERROR;
				CLANG_WARN_QUOTED_INCLUDE_IN_FRAMEWORK_HEADER = YES;
				CLANG_WARN_RANGE_LOOP_ANALYSIS = YES;
				CLANG_WARN_STRICT_PROTOTYPES = YES;
				CLANG_WARN_SUSPICIOUS_MOVE = YES;
				CLANG_WARN_UNGUARDED_AVAILABILITY = YES_AGGRESSIVE;
				CLANG_WARN_UNREACHABLE_CODE = YES;
				CLANG_WARN__DUPLICATE_METHOD_MATCH = YES;
				COPY_PHASE_STRIP = NO;
				DEBUG_INFORMATION_FORMAT = "dwarf-with-dsym";
				ENABLE_NS_ASSERTIONS = NO;
				ENABLE_STRICT_OBJC_MSGSEND = YES;
				ENABLE_USER_SCRIPT_SANDBOXING = YES;
				GCC_C_LANGUAGE_STANDARD = gnu17;
				GCC_NO_COMMON_BLOCKS = YES;
				GCC_WARN_64_TO_32_BIT_CONVERSION = YES;
				GCC_WARN_ABOUT_RETURN_TYPE = YES_ERROR;
				GCC_WARN_UNDECLARED_SELECTOR = YES;
				GCC_WARN_UNINITIALIZED_AUTOS = YES_AGGRESSIVE;
				GCC_WARN_UNUSED_FUNCTION = YES;
				GCC_WARN_UNUSED_VARIABLE = YES;
				IPHONEOS_DEPLOYMENT_TARGET = 18.0;
				LOCALIZATION_PREFERS_STRING_CATALOGS = YES;
				MTL_ENABLE_DEBUG_INFO = NO;
				MTL_FAST_MATH = YES;
				SDKROOT = iphoneos;
				SWIFT_COMPILATION_MODE = wholemodule;
				VALIDATE_PRODUCT = YES;
			};
			name = Release;
		};
		96B73FB42EA0148A0004A505 /* Debug */ = {
			isa = XCBuildConfiguration;
			buildSettings = {
				ASSETCATALOG_COMPILER_APPICON_NAME = AppIcon;
				ASSETCATALOG_COMPILER_GLOBAL_ACCENT_COLOR_NAME = AccentColor;
				CODE_SIGN_STYLE = Automatic;
				CURRENT_PROJECT_VERSION = 14;
				DEVELOPMENT_TEAM = 7P2GHHGYQX;
				ENABLE_PREVIEWS = YES;
				GENERATE_INFOPLIST_FILE = YES;
				INFOPLIST_FILE = "HH-Kiosk-B2B-Info.plist";
				INFOPLIST_KEY_CFBundleDisplayName = "HH Kiosk";
				INFOPLIST_KEY_LSApplicationCategoryType = "public.app-category.healthcare-fitness";
				INFOPLIST_KEY_NSCameraUsageDescription = "The camera will be used to take your measurements.";
				INFOPLIST_KEY_NSHumanReadableCopyright = "";
				INFOPLIST_KEY_NSLocationWhenInUseUsageDescription = "This app needs your location to show current weather info..";
				INFOPLIST_KEY_UIApplicationSceneManifest_Generation = YES;
				INFOPLIST_KEY_UIApplicationSupportsIndirectInputEvents = YES;
				INFOPLIST_KEY_UILaunchStoryboardName = LaunchScreen;
				INFOPLIST_KEY_UIRequiredDeviceCapabilities = armv7;
				INFOPLIST_KEY_UISupportedInterfaceOrientations = UIInterfaceOrientationPortrait;
				INFOPLIST_KEY_UISupportedInterfaceOrientations_iPad = "UIInterfaceOrientationLandscapeLeft UIInterfaceOrientationLandscapeRight UIInterfaceOrientationPortrait UIInterfaceOrientationPortraitUpsideDown";
				INFOPLIST_KEY_UISupportedInterfaceOrientations_iPhone = "UIInterfaceOrientationPortrait UIInterfaceOrientationLandscapeLeft UIInterfaceOrientationLandscapeRight";
				LD_RUNPATH_SEARCH_PATHS = (
					"$(inherited)",
					"@executable_path/Frameworks",
				);
				MARKETING_VERSION = 1.0.6;
				PRODUCT_BUNDLE_IDENTIFIER = "com.nutritionApp.hibiscushealth.HH-Kiosk-B2B";
				PRODUCT_NAME = "$(TARGET_NAME)";
				SWIFT_EMIT_LOC_STRINGS = YES;
				SWIFT_VERSION = 5.0;
				TARGETED_DEVICE_FAMILY = "1,2";
			};
			name = Debug;
		};
		96B73FB52EA0148A0004A505 /* Release */ = {
			isa = XCBuildConfiguration;
			buildSettings = {
				ASSETCATALOG_COMPILER_APPICON_NAME = AppIcon;
				ASSETCATALOG_COMPILER_GLOBAL_ACCENT_COLOR_NAME = AccentColor;
				CODE_SIGN_STYLE = Automatic;
				CURRENT_PROJECT_VERSION = 14;
				DEVELOPMENT_TEAM = 7P2GHHGYQX;
				ENABLE_PREVIEWS = YES;
				GENERATE_INFOPLIST_FILE = YES;
				INFOPLIST_FILE = "HH-Kiosk-B2B-Info.plist";
				INFOPLIST_KEY_CFBundleDisplayName = "HH Kiosk";
				INFOPLIST_KEY_LSApplicationCategoryType = "public.app-category.healthcare-fitness";
				INFOPLIST_KEY_NSCameraUsageDescription = "The camera will be used to take your measurements.";
				INFOPLIST_KEY_NSHumanReadableCopyright = "";
				INFOPLIST_KEY_NSLocationWhenInUseUsageDescription = "This app needs your location to show current weather info..";
				INFOPLIST_KEY_UIApplicationSceneManifest_Generation = YES;
				INFOPLIST_KEY_UIApplicationSupportsIndirectInputEvents = YES;
				INFOPLIST_KEY_UILaunchStoryboardName = LaunchScreen;
				INFOPLIST_KEY_UIRequiredDeviceCapabilities = armv7;
				INFOPLIST_KEY_UISupportedInterfaceOrientations = UIInterfaceOrientationPortrait;
				INFOPLIST_KEY_UISupportedInterfaceOrientations_iPad = "UIInterfaceOrientationLandscapeLeft UIInterfaceOrientationLandscapeRight UIInterfaceOrientationPortrait UIInterfaceOrientationPortraitUpsideDown";
				INFOPLIST_KEY_UISupportedInterfaceOrientations_iPhone = "UIInterfaceOrientationPortrait UIInterfaceOrientationLandscapeLeft UIInterfaceOrientationLandscapeRight";
				LD_RUNPATH_SEARCH_PATHS = (
					"$(inherited)",
					"@executable_path/Frameworks",
				);
				MARKETING_VERSION = 1.0.6;
				PRODUCT_BUNDLE_IDENTIFIER = "com.nutritionApp.hibiscushealth.HH-Kiosk-B2B";
				PRODUCT_NAME = "$(TARGET_NAME)";
				SWIFT_EMIT_LOC_STRINGS = YES;
				SWIFT_VERSION = 5.0;
				TARGETED_DEVICE_FAMILY = "1,2";
			};
			name = Release;
		};
/* End XCBuildConfiguration section */

/* Begin XCConfigurationList section */
		96B73F8A2EA014890004A505 /* Build configuration list for PBXProject "HH_Kiosk_B2B" */ = {
			isa = XCConfigurationList;
			buildConfigurations = (
				96B73FB12EA0148A0004A505 /* Debug */,
				96B73FB22EA0148A0004A505 /* Release */,
			);
			defaultConfigurationIsVisible = 0;
			defaultConfigurationName = Release;
		};
		96B73FB32EA0148A0004A505 /* Build configuration list for PBXNativeTarget "HH_Kiosk_B2B" */ = {
			isa = XCConfigurationList;
			buildConfigurations = (
				96B73FB42EA0148A0004A505 /* Debug */,
				96B73FB52EA0148A0004A505 /* Release */,
			);
			defaultConfigurationIsVisible = 0;
			defaultConfigurationName = Release;
		};
/* End XCConfigurationList section */

/* Begin XCRemoteSwiftPackageReference section */
		96B740072EA01D510004A505 /* XCRemoteSwiftPackageReference "Starscream" */ = {
			isa = XCRemoteSwiftPackageReference;
			repositoryURL = "https://github.com/daltoniam/Starscream.git";
			requirement = {
				kind = upToNextMajorVersion;
				minimumVersion = 4.0.8;
			};
		};
/* End XCRemoteSwiftPackageReference section */

/* Begin XCSwiftPackageProductDependency section */
		96B740082EA01D510004A505 /* Starscream */ = {
			isa = XCSwiftPackageProductDependency;
			package = 96B740072EA01D510004A505 /* XCRemoteSwiftPackageReference "Starscream" */;
			productName = Starscream;
		};
/* End XCSwiftPackageProductDependency section */
	};
	rootObject = 96B73F872EA014890004A505 /* Project object */;
}
